
Microsoft Visual Studio Solution File, Format Version 12.00
# Visual Studio Version 17
VisualStudioVersion = 17.11.35327.3
MinimumVisualStudioVersion = 10.0.40219.1
Project("{9A19103F-16F7-4668-BE54-9A1E7A4F7556}") = "ECoursesMicroservices.Main.Data", "src\ECoursesMicroservices.Main.Data\ECoursesMicroservices.Main.Data.csproj", "{F9025E98-E1DB-4355-985B-BB6DC986A992}"
EndProject
Project("{9A19103F-16F7-4668-BE54-9A1E7A4F7556}") = "ECoursesMicroservices.Main.BusinessLogic", "src\ECoursesMicroservices.Main.BusinessLogic\ECoursesMicroservices.Main.BusinessLogic.csproj", "{6BE36E83-FABC-4F4C-BCBD-DD70F2B6F584}"
EndProject
Project("{FAE04EC0-301F-11D3-BF4B-00C04F79EFBC}") = "ECoursesMicroservices.Infrastructure", "src\ECoursesMicroservices.Infrastructure\ECoursesMicroservices.Infrastructure.csproj", "{C22DE6F3-77DC-4D92-97CC-FC9BB72BA8A3}"
EndProject
Global
	GlobalSection(SolutionConfigurationPlatforms) = preSolution
		Debug|Any CPU = Debug|Any CPU
		Release|Any CPU = Release|Any CPU
	EndGlobalSection
	GlobalSection(ProjectConfigurationPlatforms) = postSolution
		{F9025E98-E1DB-4355-985B-BB6DC986A992}.Debug|Any CPU.ActiveCfg = Debug|Any CPU
		{F9025E98-E1DB-4355-985B-BB6DC986A992}.Debug|Any CPU.Build.0 = Debug|Any CPU
		{F9025E98-E1DB-4355-985B-BB6DC986A992}.Release|Any CPU.ActiveCfg = Release|Any CPU
		{F9025E98-E1DB-4355-985B-BB6DC986A992}.Release|Any CPU.Build.0 = Release|Any CPU
		{6BE36E83-FABC-4F4C-BCBD-DD70F2B6F584}.Debug|Any CPU.ActiveCfg = Debug|Any CPU
		{6BE36E83-FABC-4F4C-BCBD-DD70F2B6F584}.Debug|Any CPU.Build.0 = Debug|Any CPU
		{6BE36E83-FABC-4F4C-BCBD-DD70F2B6F584}.Release|Any CPU.ActiveCfg = Release|Any CPU
		{6BE36E83-FABC-4F4C-BCBD-DD70F2B6F584}.Release|Any CPU.Build.0 = Release|Any CPU
		{C22DE6F3-77DC-4D92-97CC-FC9BB72BA8A3}.Debug|Any CPU.ActiveCfg = Debug|Any CPU
		{C22DE6F3-77DC-4D92-97CC-FC9BB72BA8A3}.Debug|Any CPU.Build.0 = Debug|Any CPU
		{C22DE6F3-77DC-4D92-97CC-FC9BB72BA8A3}.Release|Any CPU.ActiveCfg = Release|Any CPU
		{C22DE6F3-77DC-4D92-97CC-FC9BB72BA8A3}.Release|Any CPU.Build.0 = Release|Any CPU
	EndGlobalSection
	GlobalSection(SolutionProperties) = preSolution
		HideSolutionNode = FALSE
	EndGlobalSection
	GlobalSection(ExtensibilityGlobals) = postSolution
		SolutionGuid = {9D91C794-07B3-48B9-8D58-16304D998F21}
	EndGlobalSection
EndGlobal
